
Microsoft Visual Studio Solution File, Format Version 12.00
Project("{FAE04EC0-301F-11D3-BF4B-00C04F79EFBC}") = "ORF.Upskilling.TimeBookings", "ORF.Upskilling.TimeBookings\ORF.Upskilling.TimeBookings.csproj", "{4A2C3CE9-5A50-4937-8A3A-FBAFF870C416}"
EndProject
Project("{FAE04EC0-301F-11D3-BF4B-00C04F79EFBC}") = "ORF.Upskilling.TimeBookings.Tests", "ORF.Upskilling.TimeBookings.Tests\ORF.Upskilling.TimeBookings.Tests.csproj", "{A5D64EBD-97AB-4C67-9BDC-481DD650288A}"
EndProject
Global
	GlobalSection(SolutionConfigurationPlatforms) = preSolution
		Debug|Any CPU = Debug|Any CPU
		Release|Any CPU = Release|Any CPU
	EndGlobalSection
	GlobalSection(ProjectConfigurationPlatforms) = postSolution
		{4A2C3CE9-5A50-4937-8A3A-FBAFF870C416}.Debug|Any CPU.ActiveCfg = Debug|Any CPU
		{4A2C3CE9-5A50-4937-8A3A-FBAFF870C416}.Debug|Any CPU.Build.0 = Debug|Any CPU
		{4A2C3CE9-5A50-4937-8A3A-FBAFF870C416}.Release|Any CPU.ActiveCfg = Release|Any CPU
		{4A2C3CE9-5A50-4937-8A3A-FBAFF870C416}.Release|Any CPU.Build.0 = Release|Any CPU
		{A5D64EBD-97AB-4C67-9BDC-481DD650288A}.Debug|Any CPU.ActiveCfg = Debug|Any CPU
		{A5D64EBD-97AB-4C67-9BDC-481DD650288A}.Debug|Any CPU.Build.0 = Debug|Any CPU
		{A5D64EBD-97AB-4C67-9BDC-481DD650288A}.Release|Any CPU.ActiveCfg = Release|Any CPU
		{A5D64EBD-97AB-4C67-9BDC-481DD650288A}.Release|Any CPU.Build.0 = Release|Any CPU
	EndGlobalSection
EndGlobal
